
Microsoft Visual Studio Solution File, Format Version 12.00
# Visual Studio Version 17
VisualStudioVersion = 17.13.35825.156
MinimumVisualStudioVersion = 10.0.40219.1
Project("{FAE04EC0-301F-11D3-BF4B-00C04F79EFBC}") = "AgenticOcr.Api", "AgenticOcr.Api\AgenticOcr.Api.csproj", "{5A8A6715-20D9-4E6D-879A-D820F6D66AD4}"
EndProject
Project("{FAE04EC0-301F-11D3-BF4B-00C04F79EFBC}") = "AgenticOcr.Application", "AgenticOcr.Application\AgenticOcr.Application.csproj", "{5C467D08-FAC9-43FB-9245-2D01024E715C}"
EndProject
Project("{FAE04EC0-301F-11D3-BF4B-00C04F79EFBC}") = "AgenticOcr.Domain", "AgenticOcr.Domain\AgenticOcr.Domain.csproj", "{D5C645C5-4431-415E-8506-31A5AF41191B}"
EndProject
Project("{FAE04EC0-301F-11D3-BF4B-00C04F79EFBC}") = "AgenticOcr.Infrastructure", "AgenticOcr.Infrastructure\AgenticOcr.Infrastructure.csproj", "{D56A4569-0C64-4A90-95A2-329AA3B9FF6F}"
EndProject
Project("{FAE04EC0-301F-11D3-BF4B-00C04F79EFBC}") = "AgenticOcr.Tests", "AgenticOcr.Tests\AgenticOcr.Tests.csproj", "{26D896E5-7DC9-4416-BB11-DDCB994766F8}"
EndProject
Global
	GlobalSection(SolutionConfigurationPlatforms) = preSolution
		Debug|Any CPU = Debug|Any CPU
		Release|Any CPU = Release|Any CPU
	EndGlobalSection
	GlobalSection(ProjectConfigurationPlatforms) = postSolution
		{5A8A6715-20D9-4E6D-879A-D820F6D66AD4}.Debug|Any CPU.ActiveCfg = Debug|Any CPU
		{5A8A6715-20D9-4E6D-879A-D820F6D66AD4}.Debug|Any CPU.Build.0 = Debug|Any CPU
		{5A8A6715-20D9-4E6D-879A-D820F6D66AD4}.Release|Any CPU.ActiveCfg = Release|Any CPU
		{5A8A6715-20D9-4E6D-879A-D820F6D66AD4}.Release|Any CPU.Build.0 = Release|Any CPU
		{5C467D08-FAC9-43FB-9245-2D01024E715C}.Debug|Any CPU.ActiveCfg = Debug|Any CPU
		{5C467D08-FAC9-43FB-9245-2D01024E715C}.Debug|Any CPU.Build.0 = Debug|Any CPU
		{5C467D08-FAC9-43FB-9245-2D01024E715C}.Release|Any CPU.ActiveCfg = Release|Any CPU
		{5C467D08-FAC9-43FB-9245-2D01024E715C}.Release|Any CPU.Build.0 = Release|Any CPU
		{D5C645C5-4431-415E-8506-31A5AF41191B}.Debug|Any CPU.ActiveCfg = Debug|Any CPU
		{D5C645C5-4431-415E-8506-31A5AF41191B}.Debug|Any CPU.Build.0 = Debug|Any CPU
		{D5C645C5-4431-415E-8506-31A5AF41191B}.Release|Any CPU.ActiveCfg = Release|Any CPU
		{D5C645C5-4431-415E-8506-31A5AF41191B}.Release|Any CPU.Build.0 = Release|Any CPU
		{D56A4569-0C64-4A90-95A2-329AA3B9FF6F}.Debug|Any CPU.ActiveCfg = Debug|Any CPU
		{D56A4569-0C64-4A90-95A2-329AA3B9FF6F}.Debug|Any CPU.Build.0 = Debug|Any CPU
		{D56A4569-0C64-4A90-95A2-329AA3B9FF6F}.Release|Any CPU.ActiveCfg = Release|Any CPU
		{D56A4569-0C64-4A90-95A2-329AA3B9FF6F}.Release|Any CPU.Build.0 = Release|Any CPU
		{26D896E5-7DC9-4416-BB11-DDCB994766F8}.Debug|Any CPU.ActiveCfg = Debug|Any CPU
		{26D896E5-7DC9-4416-BB11-DDCB994766F8}.Debug|Any CPU.Build.0 = Debug|Any CPU
		{26D896E5-7DC9-4416-BB11-DDCB994766F8}.Release|Any CPU.ActiveCfg = Release|Any CPU
		{26D896E5-7DC9-4416-BB11-DDCB994766F8}.Release|Any CPU.Build.0 = Release|Any CPU
	EndGlobalSection
	GlobalSection(SolutionProperties) = preSolution
		HideSolutionNode = FALSE
	EndGlobalSection
	GlobalSection(ExtensibilityGlobals) = postSolution
		SolutionGuid = {52AAF224-5934-4ECE-B736-405EAC1A99F2}
	EndGlobalSection
EndGlobal
